
Microsoft Visual Studio Solution File, Format Version 12.00
# Visual Studio Version 16
VisualStudioVersion = 16.0.30225.117
MinimumVisualStudioVersion = 10.0.40219.1
Project("{FAE04EC0-301F-11D3-BF4B-00C04F79EFBC}") = "structAssignment", "structAssignment\structAssignment.csproj", "{D1B5BE49-0B22-4A1F-A49E-6B1E3F61C26A}"
EndProject
Global
	GlobalSection(SolutionConfigurationPlatforms) = preSolution
		Debug|Any CPU = Debug|Any CPU
		Release|Any CPU = Release|Any CPU
	EndGlobalSection
	GlobalSection(ProjectConfigurationPlatforms) = postSolution
		{D1B5BE49-0B22-4A1F-A49E-6B1E3F61C26A}.Debug|Any CPU.ActiveCfg = Debug|Any CPU
		{D1B5BE49-0B22-4A1F-A49E-6B1E3F61C26A}.Debug|Any CPU.Build.0 = Debug|Any CPU
		{D1B5BE49-0B22-4A1F-A49E-6B1E3F61C26A}.Release|Any CPU.ActiveCfg = Release|Any CPU
		{D1B5BE49-0B22-4A1F-A49E-6B1E3F61C26A}.Release|Any CPU.Build.0 = Release|Any CPU
	EndGlobalSection
	GlobalSection(SolutionProperties) = preSolution
		HideSolutionNode = FALSE
	EndGlobalSection
	GlobalSection(ExtensibilityGlobals) = postSolution
		SolutionGuid = {347DFB62-FC81-4AA3-826F-FE890D1F5E7C}
	EndGlobalSection
EndGlobal
