
Microsoft Visual Studio Solution File, Format Version 12.00
# Visual Studio Version 16
VisualStudioVersion = 16.0.30225.117
MinimumVisualStudioVersion = 10.0.40219.1
Project("{FAE04EC0-301F-11D3-BF4B-00C04F79EFBC}") = "Assignment220", "Assignment220\Assignment220.csproj", "{7DCB872D-091F-49AB-9C4B-12A7CC371DEA}"
EndProject
Global
	GlobalSection(SolutionConfigurationPlatforms) = preSolution
		Debug|Any CPU = Debug|Any CPU
		Release|Any CPU = Release|Any CPU
	EndGlobalSection
	GlobalSection(ProjectConfigurationPlatforms) = postSolution
		{7DCB872D-091F-49AB-9C4B-12A7CC371DEA}.Debug|Any CPU.ActiveCfg = Debug|Any CPU
		{7DCB872D-091F-49AB-9C4B-12A7CC371DEA}.Debug|Any CPU.Build.0 = Debug|Any CPU
		{7DCB872D-091F-49AB-9C4B-12A7CC371DEA}.Release|Any CPU.ActiveCfg = Release|Any CPU
		{7DCB872D-091F-49AB-9C4B-12A7CC371DEA}.Release|Any CPU.Build.0 = Release|Any CPU
	EndGlobalSection
	GlobalSection(SolutionProperties) = preSolution
		HideSolutionNode = FALSE
	EndGlobalSection
	GlobalSection(ExtensibilityGlobals) = postSolution
		SolutionGuid = {E8E19B0C-E3D4-4054-AA0D-FE0ACE50B689}
	EndGlobalSection
EndGlobal
