
Microsoft Visual Studio Solution File, Format Version 12.00
# Visual Studio Version 16
VisualStudioVersion = 16.0.30611.23
MinimumVisualStudioVersion = 10.0.40219.1
Project("{FAE04EC0-301F-11D3-BF4B-00C04F79EFBC}") = "MvcTutorial1", "MvcTutorial1\MvcTutorial1.csproj", "{DA5B12AC-4975-4B0E-B644-69A7F68AC5C5}"
EndProject
Global
	GlobalSection(SolutionConfigurationPlatforms) = preSolution
		Debug|Any CPU = Debug|Any CPU
		Release|Any CPU = Release|Any CPU
	EndGlobalSection
	GlobalSection(ProjectConfigurationPlatforms) = postSolution
		{DA5B12AC-4975-4B0E-B644-69A7F68AC5C5}.Debug|Any CPU.ActiveCfg = Debug|Any CPU
		{DA5B12AC-4975-4B0E-B644-69A7F68AC5C5}.Debug|Any CPU.Build.0 = Debug|Any CPU
		{DA5B12AC-4975-4B0E-B644-69A7F68AC5C5}.Release|Any CPU.ActiveCfg = Release|Any CPU
		{DA5B12AC-4975-4B0E-B644-69A7F68AC5C5}.Release|Any CPU.Build.0 = Release|Any CPU
	EndGlobalSection
	GlobalSection(SolutionProperties) = preSolution
		HideSolutionNode = FALSE
	EndGlobalSection
	GlobalSection(ExtensibilityGlobals) = postSolution
		SolutionGuid = {4BEA7241-3428-4E80-8742-AF527B79E391}
	EndGlobalSection
EndGlobal
