
Microsoft Visual Studio Solution File, Format Version 12.00
# Visual Studio Version 16
VisualStudioVersion = 16.0.30225.117
MinimumVisualStudioVersion = 10.0.40219.1
Project("{FAE04EC0-301F-11D3-BF4B-00C04F79EFBC}") = "loops", "loops\loops.csproj", "{276D08E9-D3E7-4373-98B4-D386BA7CB924}"
EndProject
Global
	GlobalSection(SolutionConfigurationPlatforms) = preSolution
		Debug|Any CPU = Debug|Any CPU
		Release|Any CPU = Release|Any CPU
	EndGlobalSection
	GlobalSection(ProjectConfigurationPlatforms) = postSolution
		{276D08E9-D3E7-4373-98B4-D386BA7CB924}.Debug|Any CPU.ActiveCfg = Debug|Any CPU
		{276D08E9-D3E7-4373-98B4-D386BA7CB924}.Debug|Any CPU.Build.0 = Debug|Any CPU
		{276D08E9-D3E7-4373-98B4-D386BA7CB924}.Release|Any CPU.ActiveCfg = Release|Any CPU
		{276D08E9-D3E7-4373-98B4-D386BA7CB924}.Release|Any CPU.Build.0 = Release|Any CPU
	EndGlobalSection
	GlobalSection(SolutionProperties) = preSolution
		HideSolutionNode = FALSE
	EndGlobalSection
	GlobalSection(ExtensibilityGlobals) = postSolution
		SolutionGuid = {232AF101-4D76-4EC4-AD85-B01E45F1ECFA}
	EndGlobalSection
EndGlobal
