
Microsoft Visual Studio Solution File, Format Version 12.00
# Visual Studio Version 16
VisualStudioVersion = 16.0.30611.23
MinimumVisualStudioVersion = 10.0.40219.1
Project("{FAE04EC0-301F-11D3-BF4B-00C04F79EFBC}") = "NewsletterAppMVC", "NewsletterAppMVC\NewsletterAppMVC.csproj", "{8027514E-1B4C-49F7-86D9-FB21B4DD4783}"
EndProject
Global
	GlobalSection(SolutionConfigurationPlatforms) = preSolution
		Debug|Any CPU = Debug|Any CPU
		Release|Any CPU = Release|Any CPU
	EndGlobalSection
	GlobalSection(ProjectConfigurationPlatforms) = postSolution
		{8027514E-1B4C-49F7-86D9-FB21B4DD4783}.Debug|Any CPU.ActiveCfg = Debug|Any CPU
		{8027514E-1B4C-49F7-86D9-FB21B4DD4783}.Debug|Any CPU.Build.0 = Debug|Any CPU
		{8027514E-1B4C-49F7-86D9-FB21B4DD4783}.Release|Any CPU.ActiveCfg = Release|Any CPU
		{8027514E-1B4C-49F7-86D9-FB21B4DD4783}.Release|Any CPU.Build.0 = Release|Any CPU
	EndGlobalSection
	GlobalSection(SolutionProperties) = preSolution
		HideSolutionNode = FALSE
	EndGlobalSection
	GlobalSection(ExtensibilityGlobals) = postSolution
		SolutionGuid = {7CECE269-5110-4DCA-8ABA-84037AF70464}
	EndGlobalSection
EndGlobal
