
Microsoft Visual Studio Solution File, Format Version 12.00
# Visual Studio Version 16
VisualStudioVersion = 16.0.30611.23
MinimumVisualStudioVersion = 10.0.40219.1
Project("{FAE04EC0-301F-11D3-BF4B-00C04F79EFBC}") = "Sample", "Sample\Sample.csproj", "{69B529BB-2AD1-4356-B439-DF26320F8342}"
EndProject
Global
	GlobalSection(SolutionConfigurationPlatforms) = preSolution
		Debug|Any CPU = Debug|Any CPU
		Release|Any CPU = Release|Any CPU
	EndGlobalSection
	GlobalSection(ProjectConfigurationPlatforms) = postSolution
		{69B529BB-2AD1-4356-B439-DF26320F8342}.Debug|Any CPU.ActiveCfg = Debug|Any CPU
		{69B529BB-2AD1-4356-B439-DF26320F8342}.Debug|Any CPU.Build.0 = Debug|Any CPU
		{69B529BB-2AD1-4356-B439-DF26320F8342}.Release|Any CPU.ActiveCfg = Release|Any CPU
		{69B529BB-2AD1-4356-B439-DF26320F8342}.Release|Any CPU.Build.0 = Release|Any CPU
	EndGlobalSection
	GlobalSection(SolutionProperties) = preSolution
		HideSolutionNode = FALSE
	EndGlobalSection
	GlobalSection(ExtensibilityGlobals) = postSolution
		SolutionGuid = {1EBE095A-1A7D-4A5A-8D29-D99AA5C679D6}
	EndGlobalSection
EndGlobal
