
Microsoft Visual Studio Solution File, Format Version 12.00
# Visual Studio Version 16
VisualStudioVersion = 16.0.30225.117
MinimumVisualStudioVersion = 10.0.40219.1
Project("{FAE04EC0-301F-11D3-BF4B-00C04F79EFBC}") = "elseIfchallenge", "elseIfchallenge\elseIfchallenge.csproj", "{BF4F87F8-CCE7-47ED-A499-1098405D914C}"
EndProject
Global
	GlobalSection(SolutionConfigurationPlatforms) = preSolution
		Debug|Any CPU = Debug|Any CPU
		Release|Any CPU = Release|Any CPU
	EndGlobalSection
	GlobalSection(ProjectConfigurationPlatforms) = postSolution
		{BF4F87F8-CCE7-47ED-A499-1098405D914C}.Debug|Any CPU.ActiveCfg = Debug|Any CPU
		{BF4F87F8-CCE7-47ED-A499-1098405D914C}.Debug|Any CPU.Build.0 = Debug|Any CPU
		{BF4F87F8-CCE7-47ED-A499-1098405D914C}.Release|Any CPU.ActiveCfg = Release|Any CPU
		{BF4F87F8-CCE7-47ED-A499-1098405D914C}.Release|Any CPU.Build.0 = Release|Any CPU
	EndGlobalSection
	GlobalSection(SolutionProperties) = preSolution
		HideSolutionNode = FALSE
	EndGlobalSection
	GlobalSection(ExtensibilityGlobals) = postSolution
		SolutionGuid = {62A651B2-9B8E-477C-AEDF-F2EB10FD73F9}
	EndGlobalSection
EndGlobal
