
Microsoft Visual Studio Solution File, Format Version 12.00
# Visual Studio Version 16
VisualStudioVersion = 16.0.30225.117
MinimumVisualStudioVersion = 10.0.40219.1
Project("{FAE04EC0-301F-11D3-BF4B-00C04F79EFBC}") = "enumAssignment", "enumAssignment\enumAssignment.csproj", "{E2F721B2-CA81-488E-800B-5F2B3C7F42B2}"
EndProject
Global
	GlobalSection(SolutionConfigurationPlatforms) = preSolution
		Debug|Any CPU = Debug|Any CPU
		Release|Any CPU = Release|Any CPU
	EndGlobalSection
	GlobalSection(ProjectConfigurationPlatforms) = postSolution
		{E2F721B2-CA81-488E-800B-5F2B3C7F42B2}.Debug|Any CPU.ActiveCfg = Debug|Any CPU
		{E2F721B2-CA81-488E-800B-5F2B3C7F42B2}.Debug|Any CPU.Build.0 = Debug|Any CPU
		{E2F721B2-CA81-488E-800B-5F2B3C7F42B2}.Release|Any CPU.ActiveCfg = Release|Any CPU
		{E2F721B2-CA81-488E-800B-5F2B3C7F42B2}.Release|Any CPU.Build.0 = Release|Any CPU
	EndGlobalSection
	GlobalSection(SolutionProperties) = preSolution
		HideSolutionNode = FALSE
	EndGlobalSection
	GlobalSection(ExtensibilityGlobals) = postSolution
		SolutionGuid = {4D8733A0-6723-4516-9A71-C22BB74C9476}
	EndGlobalSection
EndGlobal
