
Microsoft Visual Studio Solution File, Format Version 12.00
# Visual Studio Version 16
VisualStudioVersion = 16.0.30225.117
MinimumVisualStudioVersion = 10.0.40219.1
Project("{FAE04EC0-301F-11D3-BF4B-00C04F79EFBC}") = "Assignment224", "Assignment224\Assignment224.csproj", "{A3F6FEDD-23F9-4755-9834-B37749985DB4}"
EndProject
Global
	GlobalSection(SolutionConfigurationPlatforms) = preSolution
		Debug|Any CPU = Debug|Any CPU
		Release|Any CPU = Release|Any CPU
	EndGlobalSection
	GlobalSection(ProjectConfigurationPlatforms) = postSolution
		{A3F6FEDD-23F9-4755-9834-B37749985DB4}.Debug|Any CPU.ActiveCfg = Debug|Any CPU
		{A3F6FEDD-23F9-4755-9834-B37749985DB4}.Debug|Any CPU.Build.0 = Debug|Any CPU
		{A3F6FEDD-23F9-4755-9834-B37749985DB4}.Release|Any CPU.ActiveCfg = Release|Any CPU
		{A3F6FEDD-23F9-4755-9834-B37749985DB4}.Release|Any CPU.Build.0 = Release|Any CPU
	EndGlobalSection
	GlobalSection(SolutionProperties) = preSolution
		HideSolutionNode = FALSE
	EndGlobalSection
	GlobalSection(ExtensibilityGlobals) = postSolution
		SolutionGuid = {2BFFBA4F-9286-4E33-AAF9-A078F22B3155}
	EndGlobalSection
EndGlobal
