
Microsoft Visual Studio Solution File, Format Version 12.00
# Visual Studio Version 16
VisualStudioVersion = 16.0.30225.117
MinimumVisualStudioVersion = 10.0.40219.1
Project("{FAE04EC0-301F-11D3-BF4B-00C04F79EFBC}") = "exceptionHandling", "exceptionHandling\exceptionHandling.csproj", "{307EC35D-07B8-44A4-A4CE-A172E0EBEC0A}"
EndProject
Global
	GlobalSection(SolutionConfigurationPlatforms) = preSolution
		Debug|Any CPU = Debug|Any CPU
		Release|Any CPU = Release|Any CPU
	EndGlobalSection
	GlobalSection(ProjectConfigurationPlatforms) = postSolution
		{307EC35D-07B8-44A4-A4CE-A172E0EBEC0A}.Debug|Any CPU.ActiveCfg = Debug|Any CPU
		{307EC35D-07B8-44A4-A4CE-A172E0EBEC0A}.Debug|Any CPU.Build.0 = Debug|Any CPU
		{307EC35D-07B8-44A4-A4CE-A172E0EBEC0A}.Release|Any CPU.ActiveCfg = Release|Any CPU
		{307EC35D-07B8-44A4-A4CE-A172E0EBEC0A}.Release|Any CPU.Build.0 = Release|Any CPU
	EndGlobalSection
	GlobalSection(SolutionProperties) = preSolution
		HideSolutionNode = FALSE
	EndGlobalSection
	GlobalSection(ExtensibilityGlobals) = postSolution
		SolutionGuid = {EF6FFCC0-2C5B-42AF-A888-621BDB93A1AF}
	EndGlobalSection
EndGlobal
