
Microsoft Visual Studio Solution File, Format Version 12.00
# Visual Studio Version 16
VisualStudioVersion = 16.0.30225.117
MinimumVisualStudioVersion = 10.0.40219.1
Project("{FAE04EC0-301F-11D3-BF4B-00C04F79EFBC}") = "BooleanLogic", "BooleanLogic\BooleanLogic.csproj", "{3FAF9C45-E2A4-40B0-8051-D9A78E94B663}"
EndProject
Global
	GlobalSection(SolutionConfigurationPlatforms) = preSolution
		Debug|Any CPU = Debug|Any CPU
		Release|Any CPU = Release|Any CPU
	EndGlobalSection
	GlobalSection(ProjectConfigurationPlatforms) = postSolution
		{3FAF9C45-E2A4-40B0-8051-D9A78E94B663}.Debug|Any CPU.ActiveCfg = Debug|Any CPU
		{3FAF9C45-E2A4-40B0-8051-D9A78E94B663}.Debug|Any CPU.Build.0 = Debug|Any CPU
		{3FAF9C45-E2A4-40B0-8051-D9A78E94B663}.Release|Any CPU.ActiveCfg = Release|Any CPU
		{3FAF9C45-E2A4-40B0-8051-D9A78E94B663}.Release|Any CPU.Build.0 = Release|Any CPU
	EndGlobalSection
	GlobalSection(SolutionProperties) = preSolution
		HideSolutionNode = FALSE
	EndGlobalSection
	GlobalSection(ExtensibilityGlobals) = postSolution
		SolutionGuid = {04EF7B3F-3159-4EC1-8646-2533106CFC85}
	EndGlobalSection
EndGlobal
