
Microsoft Visual Studio Solution File, Format Version 12.00
# Visual Studio Version 16
VisualStudioVersion = 16.0.30225.117
MinimumVisualStudioVersion = 10.0.40219.1
Project("{FAE04EC0-301F-11D3-BF4B-00C04F79EFBC}") = "Assignment240", "Assignment240\Assignment240.csproj", "{E756E4AC-7E5B-4475-8906-5FCC89BF19D7}"
EndProject
Global
	GlobalSection(SolutionConfigurationPlatforms) = preSolution
		Debug|Any CPU = Debug|Any CPU
		Release|Any CPU = Release|Any CPU
	EndGlobalSection
	GlobalSection(ProjectConfigurationPlatforms) = postSolution
		{E756E4AC-7E5B-4475-8906-5FCC89BF19D7}.Debug|Any CPU.ActiveCfg = Debug|Any CPU
		{E756E4AC-7E5B-4475-8906-5FCC89BF19D7}.Debug|Any CPU.Build.0 = Debug|Any CPU
		{E756E4AC-7E5B-4475-8906-5FCC89BF19D7}.Release|Any CPU.ActiveCfg = Release|Any CPU
		{E756E4AC-7E5B-4475-8906-5FCC89BF19D7}.Release|Any CPU.Build.0 = Release|Any CPU
	EndGlobalSection
	GlobalSection(SolutionProperties) = preSolution
		HideSolutionNode = FALSE
	EndGlobalSection
	GlobalSection(ExtensibilityGlobals) = postSolution
		SolutionGuid = {865D2FC7-07F3-4E94-AFF3-714946276764}
	EndGlobalSection
EndGlobal
